
Microsoft Visual Studio Solution File, Format Version 12.00
Project("{FAE04EC0-301F-11D3-BF4B-00C04F79EFBC}") = "HW_1_Ancient_Crypto", "HW_1_Ancient_Crypto.csproj", "{818D735F-1176-4AF4-A711-BBC9E552FC07}"
EndProject
Global
	GlobalSection(SolutionConfigurationPlatforms) = preSolution
		Debug|Any CPU = Debug|Any CPU
		Release|Any CPU = Release|Any CPU
	EndGlobalSection
	GlobalSection(ProjectConfigurationPlatforms) = postSolution
		{818D735F-1176-4AF4-A711-BBC9E552FC07}.Debug|Any CPU.ActiveCfg = Debug|Any CPU
		{818D735F-1176-4AF4-A711-BBC9E552FC07}.Debug|Any CPU.Build.0 = Debug|Any CPU
		{818D735F-1176-4AF4-A711-BBC9E552FC07}.Release|Any CPU.ActiveCfg = Release|Any CPU
		{818D735F-1176-4AF4-A711-BBC9E552FC07}.Release|Any CPU.Build.0 = Release|Any CPU
	EndGlobalSection
EndGlobal
